// !$*UTF8*$!
{
	archiveVersion = 1;
	classes = {
	};
	objectVersion = 50;
	objects = {

/* Begin PBXBuildFile section */
		B5ECFA61D030AA3CE65963F3 /* Pods_MagicTheGatheringDeckBuilder.framework in Frameworks */ = {isa = PBXBuildFile; fileRef = 384E9BE0717D6FC3006E0502 /* Pods_MagicTheGatheringDeckBuilder.framework */; };
		D32140E621469B1B0006E3E6 /* User.swift in Sources */ = {isa = PBXBuildFile; fileRef = D32140E521469B1B0006E3E6 /* User.swift */; };
		D322DB25214003D2005FDA51 /* Deck.swift in Sources */ = {isa = PBXBuildFile; fileRef = D322DB24214003D2005FDA51 /* Deck.swift */; };
		D33803D72146701000CE8E99 /* Constants.swift in Sources */ = {isa = PBXBuildFile; fileRef = D33803D62146701000CE8E99 /* Constants.swift */; };
		D3560135213FCE1A00AAC14F /* MTGSDKSwift.framework in Frameworks */ = {isa = PBXBuildFile; fileRef = D3590DB92136EB180081576A /* MTGSDKSwift.framework */; };
		D3560136213FCE1A00AAC14F /* MTGSDKSwift.framework in Embed Frameworks */ = {isa = PBXBuildFile; fileRef = D3590DB92136EB180081576A /* MTGSDKSwift.framework */; settings = {ATTRIBUTES = (CodeSignOnCopy, RemoveHeadersOnCopy, ); }; };
		D362A2472147B1B00070EE0D /* CardDB.swift in Sources */ = {isa = PBXBuildFile; fileRef = D362A2462147B1B00070EE0D /* CardDB.swift */; };
		D362A24C2147BE370070EE0D /* DeckTableViewCell.swift in Sources */ = {isa = PBXBuildFile; fileRef = D362A24B2147BE370070EE0D /* DeckTableViewCell.swift */; };
		D362A24E2147C9B60070EE0D /* CustomDictionnary.swift in Sources */ = {isa = PBXBuildFile; fileRef = D362A24D2147C9B60070EE0D /* CustomDictionnary.swift */; };
		D362A25021480B190070EE0D /* DeckDetailViewController.swift in Sources */ = {isa = PBXBuildFile; fileRef = D362A24F21480B190070EE0D /* DeckDetailViewController.swift */; };
		D36732F32137D5FA0006520B /* magicthegathering in Resources */ = {isa = PBXBuildFile; fileRef = D36732F22137D5FA0006520B /* magicthegathering */; };
		D36732F521381A410006520B /* MAGIC.TTF in Resources */ = {isa = PBXBuildFile; fileRef = D36732F421381A410006520B /* MAGIC.TTF */; };
		D36732F721381E700006520B /* LoginMenuViewController.swift in Sources */ = {isa = PBXBuildFile; fileRef = D36732F621381E700006520B /* LoginMenuViewController.swift */; };
		D3673301213823610006520B /* extension.swift in Sources */ = {isa = PBXBuildFile; fileRef = D3673300213823610006520B /* extension.swift */; };
		D36BFC2E2164AD7F00E3396B /* GoogleService-Info.plist in Resources */ = {isa = PBXBuildFile; fileRef = D36BFC2C2164AD7E00E3396B /* GoogleService-Info.plist */; };
		D38B62932136E018005783B2 /* AppDelegate.swift in Sources */ = {isa = PBXBuildFile; fileRef = D38B62922136E018005783B2 /* AppDelegate.swift */; };
		D38B62952136E018005783B2 /* LaunchScreenViewController.swift in Sources */ = {isa = PBXBuildFile; fileRef = D38B62942136E018005783B2 /* LaunchScreenViewController.swift */; };
		D38B62982136E018005783B2 /* Main.storyboard in Resources */ = {isa = PBXBuildFile; fileRef = D38B62962136E018005783B2 /* Main.storyboard */; };
		D38B629A2136E019005783B2 /* Assets.xcassets in Resources */ = {isa = PBXBuildFile; fileRef = D38B62992136E019005783B2 /* Assets.xcassets */; };
		D38B629D2136E019005783B2 /* LaunchScreen.storyboard in Resources */ = {isa = PBXBuildFile; fileRef = D38B629B2136E019005783B2 /* LaunchScreen.storyboard */; };
		D38B62A52136E03B005783B2 /* Cartfile in Resources */ = {isa = PBXBuildFile; fileRef = D38B62A42136E03B005783B2 /* Cartfile */; };
		D3C604F8213E83CE00EFB9CE /* MenuViewController.swift in Sources */ = {isa = PBXBuildFile; fileRef = D3C604F7213E83CE00EFB9CE /* MenuViewController.swift */; };
		D3C604FC213E841E00EFB9CE /* LoginViewController.swift in Sources */ = {isa = PBXBuildFile; fileRef = D3C604FB213E841E00EFB9CE /* LoginViewController.swift */; };
		D3C604FE213E842B00EFB9CE /* SignUpViewController.swift in Sources */ = {isa = PBXBuildFile; fileRef = D3C604FD213E842B00EFB9CE /* SignUpViewController.swift */; };
		D3C60509213E902100EFB9CE /* CardDetailViewController.swift in Sources */ = {isa = PBXBuildFile; fileRef = D3C60508213E902100EFB9CE /* CardDetailViewController.swift */; };
		D3C6050B213E902A00EFB9CE /* MapViewController.swift in Sources */ = {isa = PBXBuildFile; fileRef = D3C6050A213E902A00EFB9CE /* MapViewController.swift */; };
		D3C6050D213E907800EFB9CE /* DeckListTableViewController.swift in Sources */ = {isa = PBXBuildFile; fileRef = D3C6050C213E907800EFB9CE /* DeckListTableViewController.swift */; };
		D3C6050F213E909100EFB9CE /* CardFilterTableViewController.swift in Sources */ = {isa = PBXBuildFile; fileRef = D3C6050E213E909100EFB9CE /* CardFilterTableViewController.swift */; };
		D3C60513213E90AF00EFB9CE /* CardListCollectionViewController.swift in Sources */ = {isa = PBXBuildFile; fileRef = D3C60512213E90AF00EFB9CE /* CardListCollectionViewController.swift */; };
		D3C60516213EB7E400EFB9CE /* CardCollectionViewCell.swift in Sources */ = {isa = PBXBuildFile; fileRef = D3C60515213EB7E400EFB9CE /* CardCollectionViewCell.swift */; };
		D3CD627B2163764600BE24F4 /* PopoverViewController.swift in Sources */ = {isa = PBXBuildFile; fileRef = D3CD627A2163764600BE24F4 /* PopoverViewController.swift */; };
/* End PBXBuildFile section */

/* Begin PBXContainerItemProxy section */
		D3560137213FCE1A00AAC14F /* PBXContainerItemProxy */ = {
			isa = PBXContainerItemProxy;
			containerPortal = D3590DB32136EB180081576A /* MTGSDKSwift.xcodeproj */;
			proxyType = 1;
			remoteGlobalIDString = 5BD04DA81E64943C00E5ED27;
			remoteInfo = MTGSDKSwift;
		};
		D3590DB82136EB180081576A /* PBXContainerItemProxy */ = {
			isa = PBXContainerItemProxy;
			containerPortal = D3590DB32136EB180081576A /* MTGSDKSwift.xcodeproj */;
			proxyType = 2;
			remoteGlobalIDString = 5BD04DA91E64943C00E5ED27;
			remoteInfo = MTGSDKSwift;
		};
		D3590DBA2136EB180081576A /* PBXContainerItemProxy */ = {
			isa = PBXContainerItemProxy;
			containerPortal = D3590DB32136EB180081576A /* MTGSDKSwift.xcodeproj */;
			proxyType = 2;
			remoteGlobalIDString = 5BD04DB21E64943C00E5ED27;
			remoteInfo = MTGSDKSwiftTests;
		};
/* End PBXContainerItemProxy section */

/* Begin PBXCopyFilesBuildPhase section */
		D3560139213FCE1A00AAC14F /* Embed Frameworks */ = {
			isa = PBXCopyFilesBuildPhase;
			buildActionMask = 2147483647;
			dstPath = "";
			dstSubfolderSpec = 10;
			files = (
				D3560136213FCE1A00AAC14F /* MTGSDKSwift.framework in Embed Frameworks */,
			);
			name = "Embed Frameworks";
			runOnlyForDeploymentPostprocessing = 0;
		};
/* End PBXCopyFilesBuildPhase section */

/* Begin PBXFileReference section */
		384E9BE0717D6FC3006E0502 /* Pods_MagicTheGatheringDeckBuilder.framework */ = {isa = PBXFileReference; explicitFileType = wrapper.framework; includeInIndex = 0; path = Pods_MagicTheGatheringDeckBuilder.framework; sourceTree = BUILT_PRODUCTS_DIR; };
		3EB0553EBD5BFB4AA82405D7 /* Pods-MagicTheGatheringDeckBuilder.debug.xcconfig */ = {isa = PBXFileReference; includeInIndex = 1; lastKnownFileType = text.xcconfig; name = "Pods-MagicTheGatheringDeckBuilder.debug.xcconfig"; path = "Pods/Target Support Files/Pods-MagicTheGatheringDeckBuilder/Pods-MagicTheGatheringDeckBuilder.debug.xcconfig"; sourceTree = "<group>"; };
		A6AD639AEAC188EACEC084D2 /* Pods-MagicTheGatheringDeckBuilder.release.xcconfig */ = {isa = PBXFileReference; includeInIndex = 1; lastKnownFileType = text.xcconfig; name = "Pods-MagicTheGatheringDeckBuilder.release.xcconfig"; path = "Pods/Target Support Files/Pods-MagicTheGatheringDeckBuilder/Pods-MagicTheGatheringDeckBuilder.release.xcconfig"; sourceTree = "<group>"; };
		D32140E521469B1B0006E3E6 /* User.swift */ = {isa = PBXFileReference; lastKnownFileType = sourcecode.swift; path = User.swift; sourceTree = "<group>"; };
		D322DB24214003D2005FDA51 /* Deck.swift */ = {isa = PBXFileReference; lastKnownFileType = sourcecode.swift; path = Deck.swift; sourceTree = "<group>"; };
		D33803D62146701000CE8E99 /* Constants.swift */ = {isa = PBXFileReference; lastKnownFileType = sourcecode.swift; path = Constants.swift; sourceTree = "<group>"; };
		D3590DB32136EB180081576A /* MTGSDKSwift.xcodeproj */ = {isa = PBXFileReference; lastKnownFileType = "wrapper.pb-project"; name = MTGSDKSwift.xcodeproj; path = "mtg-sdk-swift-master/MTGSDKSwift.xcodeproj"; sourceTree = "<group>"; };
		D362A2462147B1B00070EE0D /* CardDB.swift */ = {isa = PBXFileReference; lastKnownFileType = sourcecode.swift; path = CardDB.swift; sourceTree = "<group>"; };
		D362A24B2147BE370070EE0D /* DeckTableViewCell.swift */ = {isa = PBXFileReference; lastKnownFileType = sourcecode.swift; path = DeckTableViewCell.swift; sourceTree = "<group>"; };
		D362A24D2147C9B60070EE0D /* CustomDictionnary.swift */ = {isa = PBXFileReference; lastKnownFileType = sourcecode.swift; path = CustomDictionnary.swift; sourceTree = "<group>"; };
		D362A24F21480B190070EE0D /* DeckDetailViewController.swift */ = {isa = PBXFileReference; lastKnownFileType = sourcecode.swift; path = DeckDetailViewController.swift; sourceTree = "<group>"; };
		D36732F22137D5FA0006520B /* magicthegathering */ = {isa = PBXFileReference; lastKnownFileType = folder; path = magicthegathering; sourceTree = "<group>"; };
		D36732F421381A410006520B /* MAGIC.TTF */ = {isa = PBXFileReference; lastKnownFileType = file; path = MAGIC.TTF; sourceTree = "<group>"; };
		D36732F621381E700006520B /* LoginMenuViewController.swift */ = {isa = PBXFileReference; lastKnownFileType = sourcecode.swift; path = LoginMenuViewController.swift; sourceTree = "<group>"; };
		D3673300213823610006520B /* extension.swift */ = {isa = PBXFileReference; lastKnownFileType = sourcecode.swift; path = extension.swift; sourceTree = "<group>"; };
		D36BFC2C2164AD7E00E3396B /* GoogleService-Info.plist */ = {isa = PBXFileReference; fileEncoding = 4; lastKnownFileType = text.plist.xml; path = "GoogleService-Info.plist"; sourceTree = "<group>"; };
		D38B628F2136E018005783B2 /* MagicTheGatheringDeckBuilder.app */ = {isa = PBXFileReference; explicitFileType = wrapper.application; includeInIndex = 0; path = MagicTheGatheringDeckBuilder.app; sourceTree = BUILT_PRODUCTS_DIR; };
		D38B62922136E018005783B2 /* AppDelegate.swift */ = {isa = PBXFileReference; lastKnownFileType = sourcecode.swift; path = AppDelegate.swift; sourceTree = "<group>"; };
		D38B62942136E018005783B2 /* LaunchScreenViewController.swift */ = {isa = PBXFileReference; lastKnownFileType = sourcecode.swift; path = LaunchScreenViewController.swift; sourceTree = "<group>"; };
		D38B62972136E018005783B2 /* Base */ = {isa = PBXFileReference; lastKnownFileType = file.storyboard; name = Base; path = Base.lproj/Main.storyboard; sourceTree = "<group>"; };
		D38B62992136E019005783B2 /* Assets.xcassets */ = {isa = PBXFileReference; lastKnownFileType = folder.assetcatalog; path = Assets.xcassets; sourceTree = "<group>"; };
		D38B629C2136E019005783B2 /* Base */ = {isa = PBXFileReference; lastKnownFileType = file.storyboard; name = Base; path = Base.lproj/LaunchScreen.storyboard; sourceTree = "<group>"; };
		D38B629E2136E019005783B2 /* Info.plist */ = {isa = PBXFileReference; lastKnownFileType = text.plist.xml; path = Info.plist; sourceTree = "<group>"; };
		D38B62A42136E03B005783B2 /* Cartfile */ = {isa = PBXFileReference; fileEncoding = 4; lastKnownFileType = text; path = Cartfile; sourceTree = "<group>"; };
		D3C604F7213E83CE00EFB9CE /* MenuViewController.swift */ = {isa = PBXFileReference; lastKnownFileType = sourcecode.swift; path = MenuViewController.swift; sourceTree = "<group>"; };
		D3C604FB213E841E00EFB9CE /* LoginViewController.swift */ = {isa = PBXFileReference; lastKnownFileType = sourcecode.swift; path = LoginViewController.swift; sourceTree = "<group>"; };
		D3C604FD213E842B00EFB9CE /* SignUpViewController.swift */ = {isa = PBXFileReference; lastKnownFileType = sourcecode.swift; path = SignUpViewController.swift; sourceTree = "<group>"; };
		D3C60508213E902100EFB9CE /* CardDetailViewController.swift */ = {isa = PBXFileReference; lastKnownFileType = sourcecode.swift; path = CardDetailViewController.swift; sourceTree = "<group>"; };
		D3C6050A213E902A00EFB9CE /* MapViewController.swift */ = {isa = PBXFileReference; lastKnownFileType = sourcecode.swift; path = MapViewController.swift; sourceTree = "<group>"; };
		D3C6050C213E907800EFB9CE /* DeckListTableViewController.swift */ = {isa = PBXFileReference; lastKnownFileType = sourcecode.swift; path = DeckListTableViewController.swift; sourceTree = "<group>"; };
		D3C6050E213E909100EFB9CE /* CardFilterTableViewController.swift */ = {isa = PBXFileReference; lastKnownFileType = sourcecode.swift; path = CardFilterTableViewController.swift; sourceTree = "<group>"; };
		D3C60512213E90AF00EFB9CE /* CardListCollectionViewController.swift */ = {isa = PBXFileReference; lastKnownFileType = sourcecode.swift; path = CardListCollectionViewController.swift; sourceTree = "<group>"; };
		D3C60515213EB7E400EFB9CE /* CardCollectionViewCell.swift */ = {isa = PBXFileReference; lastKnownFileType = sourcecode.swift; path = CardCollectionViewCell.swift; sourceTree = "<group>"; };
		D3CD627A2163764600BE24F4 /* PopoverViewController.swift */ = {isa = PBXFileReference; lastKnownFileType = sourcecode.swift; path = PopoverViewController.swift; sourceTree = "<group>"; };
/* End PBXFileReference section */

/* Begin PBXFrameworksBuildPhase section */
		D38B628C2136E018005783B2 /* Frameworks */ = {
			isa = PBXFrameworksBuildPhase;
			buildActionMask = 2147483647;
			files = (
				D3560135213FCE1A00AAC14F /* MTGSDKSwift.framework in Frameworks */,
				B5ECFA61D030AA3CE65963F3 /* Pods_MagicTheGatheringDeckBuilder.framework in Frameworks */,
			);
			runOnlyForDeploymentPostprocessing = 0;
		};
/* End PBXFrameworksBuildPhase section */

/* Begin PBXGroup section */
		961F0A976A92FB4825237DC9 /* Frameworks */ = {
			isa = PBXGroup;
			children = (
				D3590DB32136EB180081576A /* MTGSDKSwift.xcodeproj */,
				384E9BE0717D6FC3006E0502 /* Pods_MagicTheGatheringDeckBuilder.framework */,
			);
			name = Frameworks;
			sourceTree = "<group>";
		};
		CA61CBF636639F237735E76D /* Pods */ = {
			isa = PBXGroup;
			children = (
				3EB0553EBD5BFB4AA82405D7 /* Pods-MagicTheGatheringDeckBuilder.debug.xcconfig */,
				A6AD639AEAC188EACEC084D2 /* Pods-MagicTheGatheringDeckBuilder.release.xcconfig */,
			);
			name = Pods;
			sourceTree = "<group>";
		};
		D3590DB42136EB180081576A /* Products */ = {
			isa = PBXGroup;
			children = (
				D3590DB92136EB180081576A /* MTGSDKSwift.framework */,
				D3590DBB2136EB180081576A /* MTGSDKSwiftTests.xctest */,
			);
			name = Products;
			sourceTree = "<group>";
		};
		D36732F12137D5E80006520B /* Fonts */ = {
			isa = PBXGroup;
			children = (
				D36732F22137D5FA0006520B /* magicthegathering */,
			);
			path = Fonts;
			sourceTree = "<group>";
		};
		D36732F821381F1B0006520B /* Controller */ = {
			isa = PBXGroup;
			children = (
				D38B62942136E018005783B2 /* LaunchScreenViewController.swift */,
				D36732F621381E700006520B /* LoginMenuViewController.swift */,
				D3C604FB213E841E00EFB9CE /* LoginViewController.swift */,
				D3C604FD213E842B00EFB9CE /* SignUpViewController.swift */,
				D3C604F7213E83CE00EFB9CE /* MenuViewController.swift */,
				D3C6050C213E907800EFB9CE /* DeckListTableViewController.swift */,
				D362A24F21480B190070EE0D /* DeckDetailViewController.swift */,
				D3C6050E213E909100EFB9CE /* CardFilterTableViewController.swift */,
				D3C60512213E90AF00EFB9CE /* CardListCollectionViewController.swift */,
				D3C60508213E902100EFB9CE /* CardDetailViewController.swift */,
				D3C6050A213E902A00EFB9CE /* MapViewController.swift */,
				D3CD627A2163764600BE24F4 /* PopoverViewController.swift */,
			);
			path = Controller;
			sourceTree = "<group>";
		};
		D36732F921381F2A0006520B /* Visuals */ = {
			isa = PBXGroup;
			children = (
				D38B62962136E018005783B2 /* Main.storyboard */,
				D38B62992136E019005783B2 /* Assets.xcassets */,
				D38B629B2136E019005783B2 /* LaunchScreen.storyboard */,
			);
			path = Visuals;
			sourceTree = "<group>";
		};
		D36732FA21381F380006520B /* App */ = {
			isa = PBXGroup;
			children = (
				D38B62A42136E03B005783B2 /* Cartfile */,
				D36BFC2C2164AD7E00E3396B /* GoogleService-Info.plist */,
				D38B62922136E018005783B2 /* AppDelegate.swift */,
			);
			path = App;
			sourceTree = "<group>";
		};
		D36732FB213821560006520B /* ToolBox */ = {
			isa = PBXGroup;
			children = (
				D3673300213823610006520B /* extension.swift */,
				D33803D62146701000CE8E99 /* Constants.swift */,
			);
			path = ToolBox;
			sourceTree = "<group>";
		};
		D38B62862136E018005783B2 = {
			isa = PBXGroup;
			children = (
				D36732F421381A410006520B /* MAGIC.TTF */,
				D38B62912136E018005783B2 /* MagicTheGatheringDeckBuilder */,
				D38B62902136E018005783B2 /* Products */,
				CA61CBF636639F237735E76D /* Pods */,
				961F0A976A92FB4825237DC9 /* Frameworks */,
			);
			sourceTree = "<group>";
		};
		D38B62902136E018005783B2 /* Products */ = {
			isa = PBXGroup;
			children = (
				D38B628F2136E018005783B2 /* MagicTheGatheringDeckBuilder.app */,
			);
			name = Products;
			sourceTree = "<group>";
		};
		D38B62912136E018005783B2 /* MagicTheGatheringDeckBuilder */ = {
			isa = PBXGroup;
			children = (
				D3C60514213EB78B00EFB9CE /* models */,
				D36732FB213821560006520B /* ToolBox */,
				D36732F12137D5E80006520B /* Fonts */,
				D36732FA21381F380006520B /* App */,
				D36732F821381F1B0006520B /* Controller */,
				D36732F921381F2A0006520B /* Visuals */,
				D38B629E2136E019005783B2 /* Info.plist */,
			);
			path = MagicTheGatheringDeckBuilder;
			sourceTree = "<group>";
		};
		D3C60514213EB78B00EFB9CE /* models */ = {
			isa = PBXGroup;
			children = (
				D3C60515213EB7E400EFB9CE /* CardCollectionViewCell.swift */,
				D362A24B2147BE370070EE0D /* DeckTableViewCell.swift */,
				D322DB24214003D2005FDA51 /* Deck.swift */,
				D32140E521469B1B0006E3E6 /* User.swift */,
				D362A2462147B1B00070EE0D /* CardDB.swift */,
				D362A24D2147C9B60070EE0D /* CustomDictionnary.swift */,
			);
			path = models;
			sourceTree = "<group>";
		};
/* End PBXGroup section */

/* Begin PBXNativeTarget section */
		D38B628E2136E018005783B2 /* MagicTheGatheringDeckBuilder */ = {
			isa = PBXNativeTarget;
			buildConfigurationList = D38B62A12136E019005783B2 /* Build configuration list for PBXNativeTarget "MagicTheGatheringDeckBuilder" */;
			buildPhases = (
				17838F69E107750B01BC9F18 /* [CP] Check Pods Manifest.lock */,
				D38B628B2136E018005783B2 /* Sources */,
				D38B628C2136E018005783B2 /* Frameworks */,
				D38B628D2136E018005783B2 /* Resources */,
				D3560139213FCE1A00AAC14F /* Embed Frameworks */,
				9BF68034D5432248A8608FE1 /* [CP] Embed Pods Frameworks */,
			);
			buildRules = (
			);
			dependencies = (
				D3560138213FCE1A00AAC14F /* PBXTargetDependency */,
			);
			name = MagicTheGatheringDeckBuilder;
			productName = MagicTheGatheringDeckBuilder;
			productReference = D38B628F2136E018005783B2 /* MagicTheGatheringDeckBuilder.app */;
			productType = "com.apple.product-type.application";
		};
/* End PBXNativeTarget section */

/* Begin PBXProject section */
		D38B62872136E018005783B2 /* Project object */ = {
			isa = PBXProject;
			attributes = {
				LastSwiftUpdateCheck = 0940;
				LastUpgradeCheck = 0940;
				ORGANIZATIONNAME = "alexis gauthier";
				TargetAttributes = {
					D38B628E2136E018005783B2 = {
						CreatedOnToolsVersion = 9.4.1;
					};
				};
			};
			buildConfigurationList = D38B628A2136E018005783B2 /* Build configuration list for PBXProject "MagicTheGatheringDeckBuilder" */;
			compatibilityVersion = "Xcode 9.3";
			developmentRegion = en;
			hasScannedForEncodings = 0;
			knownRegions = (
				en,
				Base,
			);
			mainGroup = D38B62862136E018005783B2;
			productRefGroup = D38B62902136E018005783B2 /* Products */;
			projectDirPath = "";
			projectReferences = (
				{
					ProductGroup = D3590DB42136EB180081576A /* Products */;
					ProjectRef = D3590DB32136EB180081576A /* MTGSDKSwift.xcodeproj */;
				},
			);
			projectRoot = "";
			targets = (
				D38B628E2136E018005783B2 /* MagicTheGatheringDeckBuilder */,
			);
		};
/* End PBXProject section */

/* Begin PBXReferenceProxy section */
		D3590DB92136EB180081576A /* MTGSDKSwift.framework */ = {
			isa = PBXReferenceProxy;
			fileType = wrapper.framework;
			path = MTGSDKSwift.framework;
			remoteRef = D3590DB82136EB180081576A /* PBXContainerItemProxy */;
			sourceTree = BUILT_PRODUCTS_DIR;
		};
		D3590DBB2136EB180081576A /* MTGSDKSwiftTests.xctest */ = {
			isa = PBXReferenceProxy;
			fileType = wrapper.cfbundle;
			path = MTGSDKSwiftTests.xctest;
			remoteRef = D3590DBA2136EB180081576A /* PBXContainerItemProxy */;
			sourceTree = BUILT_PRODUCTS_DIR;
		};
/* End PBXReferenceProxy section */

/* Begin PBXResourcesBuildPhase section */
		D38B628D2136E018005783B2 /* Resources */ = {
			isa = PBXResourcesBuildPhase;
			buildActionMask = 2147483647;
			files = (
				D38B629D2136E019005783B2 /* LaunchScreen.storyboard in Resources */,
				D38B629A2136E019005783B2 /* Assets.xcassets in Resources */,
				D38B62A52136E03B005783B2 /* Cartfile in Resources */,
				D36732F521381A410006520B /* MAGIC.TTF in Resources */,
				D38B62982136E018005783B2 /* Main.storyboard in Resources */,
				D36732F32137D5FA0006520B /* magicthegathering in Resources */,
				D36BFC2E2164AD7F00E3396B /* GoogleService-Info.plist in Resources */,
			);
			runOnlyForDeploymentPostprocessing = 0;
		};
/* End PBXResourcesBuildPhase section */

/* Begin PBXShellScriptBuildPhase section */
		17838F69E107750B01BC9F18 /* [CP] Check Pods Manifest.lock */ = {
			isa = PBXShellScriptBuildPhase;
			buildActionMask = 2147483647;
			files = (
			);
			inputPaths = (
				"${PODS_PODFILE_DIR_PATH}/Podfile.lock",
				"${PODS_ROOT}/Manifest.lock",
			);
			name = "[CP] Check Pods Manifest.lock";
			outputPaths = (
				"$(DERIVED_FILE_DIR)/Pods-MagicTheGatheringDeckBuilder-checkManifestLockResult.txt",
			);
			runOnlyForDeploymentPostprocessing = 0;
			shellPath = /bin/sh;
			shellScript = "diff \"${PODS_PODFILE_DIR_PATH}/Podfile.lock\" \"${PODS_ROOT}/Manifest.lock\" > /dev/null\nif [ $? != 0 ] ; then\n    # print error to STDERR\n    echo \"error: The sandbox is not in sync with the Podfile.lock. Run 'pod install' or update your CocoaPods installation.\" >&2\n    exit 1\nfi\n# This output is used by Xcode 'outputs' to avoid re-running this script phase.\necho \"SUCCESS\" > \"${SCRIPT_OUTPUT_FILE_0}\"\n";
			showEnvVarsInLog = 0;
		};
		9BF68034D5432248A8608FE1 /* [CP] Embed Pods Frameworks */ = {
			isa = PBXShellScriptBuildPhase;
			buildActionMask = 2147483647;
			files = (
			);
			inputPaths = (
				"${SRCROOT}/Pods/Target Support Files/Pods-MagicTheGatheringDeckBuilder/Pods-MagicTheGatheringDeckBuilder-frameworks.sh",
				"${BUILT_PRODUCTS_DIR}/GTMSessionFetcher/GTMSessionFetcher.framework",
				"${BUILT_PRODUCTS_DIR}/GoogleUtilities/GoogleUtilities.framework",
				"${BUILT_PRODUCTS_DIR}/Realm/Realm.framework",
				"${BUILT_PRODUCTS_DIR}/RealmSwift/RealmSwift.framework",
				"${BUILT_PRODUCTS_DIR}/nanopb/nanopb.framework",
			);
			name = "[CP] Embed Pods Frameworks";
			outputPaths = (
				"${TARGET_BUILD_DIR}/${FRAMEWORKS_FOLDER_PATH}/GTMSessionFetcher.framework",
				"${TARGET_BUILD_DIR}/${FRAMEWORKS_FOLDER_PATH}/GoogleUtilities.framework",
				"${TARGET_BUILD_DIR}/${FRAMEWORKS_FOLDER_PATH}/Realm.framework",
				"${TARGET_BUILD_DIR}/${FRAMEWORKS_FOLDER_PATH}/RealmSwift.framework",
				"${TARGET_BUILD_DIR}/${FRAMEWORKS_FOLDER_PATH}/nanopb.framework",
			);
			runOnlyForDeploymentPostprocessing = 0;
			shellPath = /bin/sh;
			shellScript = "\"${SRCROOT}/Pods/Target Support Files/Pods-MagicTheGatheringDeckBuilder/Pods-MagicTheGatheringDeckBuilder-frameworks.sh\"\n";
			showEnvVarsInLog = 0;
		};
/* End PBXShellScriptBuildPhase section */

/* Begin PBXSourcesBuildPhase section */
		D38B628B2136E018005783B2 /* Sources */ = {
			isa = PBXSourcesBuildPhase;
			buildActionMask = 2147483647;
			files = (
				D3C604FC213E841E00EFB9CE /* LoginViewController.swift in Sources */,
				D3C60509213E902100EFB9CE /* CardDetailViewController.swift in Sources */,
				D3C604FE213E842B00EFB9CE /* SignUpViewController.swift in Sources */,
				D36732F721381E700006520B /* LoginMenuViewController.swift in Sources */,
				D3C60516213EB7E400EFB9CE /* CardCollectionViewCell.swift in Sources */,
				D3C6050F213E909100EFB9CE /* CardFilterTableViewController.swift in Sources */,
				D3C6050D213E907800EFB9CE /* DeckListTableViewController.swift in Sources */,
				D32140E621469B1B0006E3E6 /* User.swift in Sources */,
				D362A25021480B190070EE0D /* DeckDetailViewController.swift in Sources */,
				D33803D72146701000CE8E99 /* Constants.swift in Sources */,
				D362A24E2147C9B60070EE0D /* CustomDictionnary.swift in Sources */,
				D3C6050B213E902A00EFB9CE /* MapViewController.swift in Sources */,
				D3C604F8213E83CE00EFB9CE /* MenuViewController.swift in Sources */,
				D38B62952136E018005783B2 /* LaunchScreenViewController.swift in Sources */,
				D362A24C2147BE370070EE0D /* DeckTableViewCell.swift in Sources */,
				D3C60513213E90AF00EFB9CE /* CardListCollectionViewController.swift in Sources */,
				D3CD627B2163764600BE24F4 /* PopoverViewController.swift in Sources */,
				D322DB25214003D2005FDA51 /* Deck.swift in Sources */,
				D38B62932136E018005783B2 /* AppDelegate.swift in Sources */,
				D3673301213823610006520B /* extension.swift in Sources */,
				D362A2472147B1B00070EE0D /* CardDB.swift in Sources */,
			);
			runOnlyForDeploymentPostprocessing = 0;
		};
/* End PBXSourcesBuildPhase section */

/* Begin PBXTargetDependency section */
		D3560138213FCE1A00AAC14F /* PBXTargetDependency */ = {
			isa = PBXTargetDependency;
			name = MTGSDKSwift;
			targetProxy = D3560137213FCE1A00AAC14F /* PBXContainerItemProxy */;
		};
/* End PBXTargetDependency section */

/* Begin PBXVariantGroup section */
		D38B62962136E018005783B2 /* Main.storyboard */ = {
			isa = PBXVariantGroup;
			children = (
				D38B62972136E018005783B2 /* Base */,
			);
			name = Main.storyboard;
			sourceTree = "<group>";
		};
		D38B629B2136E019005783B2 /* LaunchScreen.storyboard */ = {
			isa = PBXVariantGroup;
			children = (
				D38B629C2136E019005783B2 /* Base */,
			);
			name = LaunchScreen.storyboard;
			sourceTree = "<group>";
		};
/* End PBXVariantGroup section */

/* Begin XCBuildConfiguration section */
		D38B629F2136E019005783B2 /* Debug */ = {
			isa = XCBuildConfiguration;
			buildSettings = {
				ALWAYS_SEARCH_USER_PATHS = NO;
				CLANG_ANALYZER_NONNULL = YES;
				CLANG_ANALYZER_NUMBER_OBJECT_CONVERSION = YES_AGGRESSIVE;
				CLANG_CXX_LANGUAGE_STANDARD = "gnu++14";
				CLANG_CXX_LIBRARY = "libc++";
				CLANG_ENABLE_MODULES = YES;
				CLANG_ENABLE_OBJC_ARC = YES;
				CLANG_ENABLE_OBJC_WEAK = YES;
				CLANG_WARN_BLOCK_CAPTURE_AUTORELEASING = YES;
				CLANG_WARN_BOOL_CONVERSION = YES;
				CLANG_WARN_COMMA = YES;
				CLANG_WARN_CONSTANT_CONVERSION = YES;
				CLANG_WARN_DEPRECATED_OBJC_IMPLEMENTATIONS = YES;
				CLANG_WARN_DIRECT_OBJC_ISA_USAGE = YES_ERROR;
				CLANG_WARN_DOCUMENTATION_COMMENTS = YES;
				CLANG_WARN_EMPTY_BODY = YES;
				CLANG_WARN_ENUM_CONVERSION = YES;
				CLANG_WARN_INFINITE_RECURSION = YES;
				CLANG_WARN_INT_CONVERSION = YES;
				CLANG_WARN_NON_LITERAL_NULL_CONVERSION = YES;
				CLANG_WARN_OBJC_IMPLICIT_RETAIN_SELF = YES;
				CLANG_WARN_OBJC_LITERAL_CONVERSION = YES;
				CLANG_WARN_OBJC_ROOT_CLASS = YES_ERROR;
				CLANG_WARN_RANGE_LOOP_ANALYSIS = YES;
				CLANG_WARN_STRICT_PROTOTYPES = YES;
				CLANG_WARN_SUSPICIOUS_MOVE = YES;
				CLANG_WARN_UNGUARDED_AVAILABILITY = YES_AGGRESSIVE;
				CLANG_WARN_UNREACHABLE_CODE = YES;
				CLANG_WARN__DUPLICATE_METHOD_MATCH = YES;
				CODE_SIGN_IDENTITY = "iPhone Developer";
				COPY_PHASE_STRIP = NO;
				DEBUG_INFORMATION_FORMAT = dwarf;
				ENABLE_STRICT_OBJC_MSGSEND = YES;
				ENABLE_TESTABILITY = YES;
				GCC_C_LANGUAGE_STANDARD = gnu11;
				GCC_DYNAMIC_NO_PIC = NO;
				GCC_NO_COMMON_BLOCKS = YES;
				GCC_OPTIMIZATION_LEVEL = 0;
				GCC_PREPROCESSOR_DEFINITIONS = (
					"DEBUG=1",
					"$(inherited)",
				);
				GCC_WARN_64_TO_32_BIT_CONVERSION = YES;
				GCC_WARN_ABOUT_RETURN_TYPE = YES_ERROR;
				GCC_WARN_UNDECLARED_SELECTOR = YES;
				GCC_WARN_UNINITIALIZED_AUTOS = YES_AGGRESSIVE;
				GCC_WARN_UNUSED_FUNCTION = YES;
				GCC_WARN_UNUSED_VARIABLE = YES;
				IPHONEOS_DEPLOYMENT_TARGET = 11.4;
				MTL_ENABLE_DEBUG_INFO = YES;
				ONLY_ACTIVE_ARCH = YES;
				SDKROOT = iphoneos;
				SWIFT_ACTIVE_COMPILATION_CONDITIONS = DEBUG;
				SWIFT_OPTIMIZATION_LEVEL = "-Onone";
			};
			name = Debug;
		};
		D38B62A02136E019005783B2 /* Release */ = {
			isa = XCBuildConfiguration;
			buildSettings = {
				ALWAYS_SEARCH_USER_PATHS = NO;
				CLANG_ANALYZER_NONNULL = YES;
				CLANG_ANALYZER_NUMBER_OBJECT_CONVERSION = YES_AGGRESSIVE;
				CLANG_CXX_LANGUAGE_STANDARD = "gnu++14";
				CLANG_CXX_LIBRARY = "libc++";
				CLANG_ENABLE_MODULES = YES;
				CLANG_ENABLE_OBJC_ARC = YES;
				CLANG_ENABLE_OBJC_WEAK = YES;
				CLANG_WARN_BLOCK_CAPTURE_AUTORELEASING = YES;
				CLANG_WARN_BOOL_CONVERSION = YES;
				CLANG_WARN_COMMA = YES;
				CLANG_WARN_CONSTANT_CONVERSION = YES;
				CLANG_WARN_DEPRECATED_OBJC_IMPLEMENTATIONS = YES;
				CLANG_WARN_DIRECT_OBJC_ISA_USAGE = YES_ERROR;
				CLANG_WARN_DOCUMENTATION_COMMENTS = YES;
				CLANG_WARN_EMPTY_BODY = YES;
				CLANG_WARN_ENUM_CONVERSION = YES;
				CLANG_WARN_INFINITE_RECURSION = YES;
				CLANG_WARN_INT_CONVERSION = YES;
				CLANG_WARN_NON_LITERAL_NULL_CONVERSION = YES;
				CLANG_WARN_OBJC_IMPLICIT_RETAIN_SELF = YES;
				CLANG_WARN_OBJC_LITERAL_CONVERSION = YES;
				CLANG_WARN_OBJC_ROOT_CLASS = YES_ERROR;
				CLANG_WARN_RANGE_LOOP_ANALYSIS = YES;
				CLANG_WARN_STRICT_PROTOTYPES = YES;
				CLANG_WARN_SUSPICIOUS_MOVE = YES;
				CLANG_WARN_UNGUARDED_AVAILABILITY = YES_AGGRESSIVE;
				CLANG_WARN_UNREACHABLE_CODE = YES;
				CLANG_WARN__DUPLICATE_METHOD_MATCH = YES;
				CODE_SIGN_IDENTITY = "iPhone Developer";
				COPY_PHASE_STRIP = NO;
				DEBUG_INFORMATION_FORMAT = "dwarf-with-dsym";
				ENABLE_NS_ASSERTIONS = NO;
				ENABLE_STRICT_OBJC_MSGSEND = YES;
				GCC_C_LANGUAGE_STANDARD = gnu11;
				GCC_NO_COMMON_BLOCKS = YES;
				GCC_WARN_64_TO_32_BIT_CONVERSION = YES;
				GCC_WARN_ABOUT_RETURN_TYPE = YES_ERROR;
				GCC_WARN_UNDECLARED_SELECTOR = YES;
				GCC_WARN_UNINITIALIZED_AUTOS = YES_AGGRESSIVE;
				GCC_WARN_UNUSED_FUNCTION = YES;
				GCC_WARN_UNUSED_VARIABLE = YES;
				IPHONEOS_DEPLOYMENT_TARGET = 11.4;
				MTL_ENABLE_DEBUG_INFO = NO;
				SDKROOT = iphoneos;
				SWIFT_COMPILATION_MODE = wholemodule;
				SWIFT_OPTIMIZATION_LEVEL = "-O";
				VALIDATE_PRODUCT = YES;
			};
			name = Release;
		};
		D38B62A22136E019005783B2 /* Debug */ = {
			isa = XCBuildConfiguration;
			baseConfigurationReference = 3EB0553EBD5BFB4AA82405D7 /* Pods-MagicTheGatheringDeckBuilder.debug.xcconfig */;
			buildSettings = {
				ALWAYS_EMBED_SWIFT_STANDARD_LIBRARIES = YES;
				ASSETCATALOG_COMPILER_APPICON_NAME = AppIcon;
				CODE_SIGN_STYLE = Automatic;
				DEVELOPMENT_TEAM = QJQ489P3H3;
				INFOPLIST_FILE = MagicTheGatheringDeckBuilder/Info.plist;
				LD_RUNPATH_SEARCH_PATHS = (
					"$(inherited)",
					"@executable_path/Frameworks",
				);
				PRODUCT_BUNDLE_IDENTIFIER = "com.hash-stag.MagicTheGatheringDeckBuilder";
				PRODUCT_NAME = "$(TARGET_NAME)";
				SWIFT_VERSION = 4.0;
				TARGETED_DEVICE_FAMILY = "1,2";
			};
			name = Debug;
		};
		D38B62A32136E019005783B2 /* Release */ = {
			isa = XCBuildConfiguration;
			baseConfigurationReference = A6AD639AEAC188EACEC084D2 /* Pods-MagicTheGatheringDeckBuilder.release.xcconfig */;
			buildSettings = {
				ALWAYS_EMBED_SWIFT_STANDARD_LIBRARIES = YES;
				ASSETCATALOG_COMPILER_APPICON_NAME = AppIcon;
				CODE_SIGN_STYLE = Automatic;
				DEVELOPMENT_TEAM = QJQ489P3H3;
				INFOPLIST_FILE = MagicTheGatheringDeckBuilder/Info.plist;
				LD_RUNPATH_SEARCH_PATHS = (
					"$(inherited)",
					"@executable_path/Frameworks",
				);
				PRODUCT_BUNDLE_IDENTIFIER = "com.hash-stag.MagicTheGatheringDeckBuilder";
				PRODUCT_NAME = "$(TARGET_NAME)";
				SWIFT_VERSION = 4.0;
				TARGETED_DEVICE_FAMILY = "1,2";
			};
			name = Release;
		};
/* End XCBuildConfiguration section */

/* Begin XCConfigurationList section */
		D38B628A2136E018005783B2 /* Build configuration list for PBXProject "MagicTheGatheringDeckBuilder" */ = {
			isa = XCConfigurationList;
			buildConfigurations = (
				D38B629F2136E019005783B2 /* Debug */,
				D38B62A02136E019005783B2 /* Release */,
			);
			defaultConfigurationIsVisible = 0;
			defaultConfigurationName = Release;
		};
		D38B62A12136E019005783B2 /* Build configuration list for PBXNativeTarget "MagicTheGatheringDeckBuilder" */ = {
			isa = XCConfigurationList;
			buildConfigurations = (
				D38B62A22136E019005783B2 /* Debug */,
				D38B62A32136E019005783B2 /* Release */,
			);
			defaultConfigurationIsVisible = 0;
			defaultConfigurationName = Release;
		};
/* End XCConfigurationList section */
	};
	rootObject = D38B62872136E018005783B2 /* Project object */;
}
